
Microsoft Visual Studio Solution File, Format Version 12.00
# Visual Studio 15
Project("{FAE04EC0-301F-11D3-BF4B-00C04F79EFBC}") = "VoxelBSg_flight", "VoxelBSg_flight.csproj", "{B4F65115-2D69-C0F4-E96A-2049E4F01858}"
EndProject
Project("{FAE04EC0-301F-11D3-BF4B-00C04F79EFBC}") = "VoxelBSg_flight.Plugins", "VoxelBSg_flight.Plugins.csproj", "{8ACEBC29-4010-CB47-7ABF-C0528DE49E66}"
EndProject
Project("{FAE04EC0-301F-11D3-BF4B-00C04F79EFBC}") = "VoxelBSg_flight.Editor.Plugins", "VoxelBSg_flight.Editor.Plugins.csproj", "{09A7FEC6-8B81-A368-773C-E08F74275383}"
EndProject
Global
	GlobalSection(SolutionConfigurationPlatforms) = preSolution
		Debug|Any CPU = Debug|Any CPU
		Release|Any CPU = Release|Any CPU
	EndGlobalSection
	GlobalSection(ProjectConfigurationPlatforms) = postSolution
		{B4F65115-2D69-C0F4-E96A-2049E4F01858}.Debug|Any CPU.ActiveCfg = Debug|Any CPU
		{B4F65115-2D69-C0F4-E96A-2049E4F01858}.Debug|Any CPU.Build.0 = Debug|Any CPU
		{B4F65115-2D69-C0F4-E96A-2049E4F01858}.Release|Any CPU.ActiveCfg = Release|Any CPU
		{B4F65115-2D69-C0F4-E96A-2049E4F01858}.Release|Any CPU.Build.0 = Release|Any CPU
		{8ACEBC29-4010-CB47-7ABF-C0528DE49E66}.Debug|Any CPU.ActiveCfg = Debug|Any CPU
		{8ACEBC29-4010-CB47-7ABF-C0528DE49E66}.Debug|Any CPU.Build.0 = Debug|Any CPU
		{8ACEBC29-4010-CB47-7ABF-C0528DE49E66}.Release|Any CPU.ActiveCfg = Release|Any CPU
		{8ACEBC29-4010-CB47-7ABF-C0528DE49E66}.Release|Any CPU.Build.0 = Release|Any CPU
		{09A7FEC6-8B81-A368-773C-E08F74275383}.Debug|Any CPU.ActiveCfg = Debug|Any CPU
		{09A7FEC6-8B81-A368-773C-E08F74275383}.Debug|Any CPU.Build.0 = Debug|Any CPU
		{09A7FEC6-8B81-A368-773C-E08F74275383}.Release|Any CPU.ActiveCfg = Release|Any CPU
		{09A7FEC6-8B81-A368-773C-E08F74275383}.Release|Any CPU.Build.0 = Release|Any CPU
	EndGlobalSection
	GlobalSection(SolutionProperties) = preSolution
		HideSolutionNode = FALSE
	EndGlobalSection
EndGlobal
